
Microsoft Visual Studio Solution File, Format Version 12.00
Project("{FAE04EC0-301F-11D3-BF4B-00C04F79EFBC}") = "StbImageNET", "StbImageNET\StbImageNET.csproj", "{5533EC09-95C9-481A-A170-DD7FC5ECF90E}"
EndProject
Global
	GlobalSection(SolutionConfigurationPlatforms) = preSolution
		Debug|Any CPU = Debug|Any CPU
		Release|Any CPU = Release|Any CPU
	EndGlobalSection
	GlobalSection(ProjectConfigurationPlatforms) = postSolution
		{5533EC09-95C9-481A-A170-DD7FC5ECF90E}.Debug|Any CPU.ActiveCfg = Debug|Any CPU
		{5533EC09-95C9-481A-A170-DD7FC5ECF90E}.Debug|Any CPU.Build.0 = Debug|Any CPU
		{5533EC09-95C9-481A-A170-DD7FC5ECF90E}.Release|Any CPU.ActiveCfg = Release|Any CPU
		{5533EC09-95C9-481A-A170-DD7FC5ECF90E}.Release|Any CPU.Build.0 = Release|Any CPU
	EndGlobalSection
EndGlobal
